{
  "name": "homebridge-plugin-samsung-air-conditioner2878",
  "version": "3.2.0",
  "lockfileVersion": 3,
  "requires": true,
  "packages": {
    "": {
      "name": "homebridge-plugin-samsung-air-conditioner2878",
      "version": "3.2.0",
      "license": "MIT",
      "dependencies": {
        "carrier": "^0.3.0",
        "nanoid": "^5.0.9",
        "net-keepalive": "^4.0.16"
      },
      "bin": {
        "homebridge-samsung-ac-get-token": "bin/ac-get-token.js"
      },
      "engines": {
        "homebridge": "^1.8.0 || ^2.0.0-beta.0",
        "node": "^18.15.0 || ^20.7.0 || ^22"
      }
    },
    "node_modules/@yuuang/ffi-rs-darwin-arm64": {
      "version": "1.2.5",
      "resolved": "https://registry.npmjs.org/@yuuang/ffi-rs-darwin-arm64/-/ffi-rs-darwin-arm64-1.2.5.tgz",
      "integrity": "sha512-NVSrkut6rxJIuyTc2QmmUJD2chlIelCQmhOavrZiHzUCUJDF6nLe/2D3Cn2CTVev6tqt70SBbNVBt9D0ax7Axg==",
      "cpu": [
        "arm64"
      ],
      "license": "MIT",
      "optional": true,
      "os": [
        "darwin"
      ],
      "engines": {
        "node": ">= 12"
      }
    },
    "node_modules/@yuuang/ffi-rs-darwin-x64": {
      "version": "1.2.5",
      "resolved": "https://registry.npmjs.org/@yuuang/ffi-rs-darwin-x64/-/ffi-rs-darwin-x64-1.2.5.tgz",
      "integrity": "sha512-V8xz3w+IjSSpqp/sfeV4x62KlwAaHdp4xmSMIl1uECQ6tbSRP+sn26KaFLFoRWgKlfXd9Y/2lcoV06q60HOHvA==",
      "cpu": [
        "x64"
      ],
      "license": "MIT",
      "optional": true,
      "os": [
        "darwin"
      ],
      "engines": {
        "node": ">= 12"
      }
    },
    "node_modules/@yuuang/ffi-rs-linux-arm-gnueabihf": {
      "version": "1.2.5",
      "resolved": "https://registry.npmjs.org/@yuuang/ffi-rs-linux-arm-gnueabihf/-/ffi-rs-linux-arm-gnueabihf-1.2.5.tgz",
      "integrity": "sha512-zl4EHNoajNZZ7UXVmpon6TGBKKbpGP7kxMn0+aWJUUxGjPXqIuF2DsA+HSOOozuSmUv7OOVJhksIyGebiHb3OA==",
      "cpu": [
        "arm"
      ],
      "license": "MIT",
      "optional": true,
      "os": [
        "linux"
      ],
      "engines": {
        "node": ">= 12"
      }
    },
    "node_modules/@yuuang/ffi-rs-linux-arm64-gnu": {
      "version": "1.2.5",
      "resolved": "https://registry.npmjs.org/@yuuang/ffi-rs-linux-arm64-gnu/-/ffi-rs-linux-arm64-gnu-1.2.5.tgz",
      "integrity": "sha512-zMxOVQXxAGj7jqBe5/IoBP+EDoBoJGk8gcNQRamXc6533YtwUwCuRZOPyhI9rr4vx21a6XwLoasxyvwSOEAacA==",
      "cpu": [
        "arm64"
      ],
      "license": "MIT",
      "optional": true,
      "os": [
        "linux"
      ],
      "engines": {
        "node": ">= 12"
      }
    },
    "node_modules/@yuuang/ffi-rs-linux-arm64-musl": {
      "version": "1.2.5",
      "resolved": "https://registry.npmjs.org/@yuuang/ffi-rs-linux-arm64-musl/-/ffi-rs-linux-arm64-musl-1.2.5.tgz",
      "integrity": "sha512-8eBHgyLhGkF/WxvY+DIgIYlH4B/lOLLOHdAiHSvIYCf/Ji8ATRmV/H/2aS3NrqKtBfjpcq2KjXgIlYJEzGTEkw==",
      "cpu": [
        "arm64"
      ],
      "license": "MIT",
      "optional": true,
      "os": [
        "linux"
      ],
      "engines": {
        "node": ">= 12"
      }
    },
    "node_modules/@yuuang/ffi-rs-linux-x64-gnu": {
      "version": "1.2.5",
      "resolved": "https://registry.npmjs.org/@yuuang/ffi-rs-linux-x64-gnu/-/ffi-rs-linux-x64-gnu-1.2.5.tgz",
      "integrity": "sha512-fBiJaImH35QBJbHVt40NwS12xIVBrp1by3JCyt34HuikMjNqLVET3cRZ9RgeC6C300ficuSjqo/9jbYLLWsp3A==",
      "cpu": [
        "x64"
      ],
      "license": "MIT",
      "optional": true,
      "os": [
        "linux"
      ],
      "engines": {
        "node": ">= 12"
      }
    },
    "node_modules/@yuuang/ffi-rs-linux-x64-musl": {
      "version": "1.2.5",
      "resolved": "https://registry.npmjs.org/@yuuang/ffi-rs-linux-x64-musl/-/ffi-rs-linux-x64-musl-1.2.5.tgz",
      "integrity": "sha512-MZ+pUZJEh+aoWTJ4Ww4diyqCyd/fnz842NwCU/jj3Ps7qhPKLIJAQyqGzJkZG47njHEwT/IEQcD9Yp/YiySrnQ==",
      "cpu": [
        "x64"
      ],
      "license": "MIT",
      "optional": true,
      "os": [
        "linux"
      ],
      "engines": {
        "node": ">= 12"
      }
    },
    "node_modules/@yuuang/ffi-rs-win32-arm64-msvc": {
      "version": "1.2.5",
      "resolved": "https://registry.npmjs.org/@yuuang/ffi-rs-win32-arm64-msvc/-/ffi-rs-win32-arm64-msvc-1.2.5.tgz",
      "integrity": "sha512-LyFU4hUAHH8oj9ol3gpRfxl+zMiltd8majHNebAkvAo8IPksrb0SGtbJ0a86hEJVXsso6OEe+IACRqraDWC7yQ==",
      "cpu": [
        "arm64"
      ],
      "license": "MIT",
      "optional": true,
      "os": [
        "win32"
      ],
      "engines": {
        "node": ">= 12"
      }
    },
    "node_modules/@yuuang/ffi-rs-win32-ia32-msvc": {
      "version": "1.2.5",
      "resolved": "https://registry.npmjs.org/@yuuang/ffi-rs-win32-ia32-msvc/-/ffi-rs-win32-ia32-msvc-1.2.5.tgz",
      "integrity": "sha512-DuyA9F0B5aQWD9OCHrUUiYjbphtCKLGNMndbU4m9lySZ8qJfbWvB+gUMaenhMiwJJ/UbwfQsgzlrjN3cdkF/0g==",
      "cpu": [
        "x64",
        "ia32"
      ],
      "license": "MIT",
      "optional": true,
      "os": [
        "win32"
      ],
      "engines": {
        "node": ">= 12"
      }
    },
    "node_modules/@yuuang/ffi-rs-win32-x64-msvc": {
      "version": "1.2.5",
      "resolved": "https://registry.npmjs.org/@yuuang/ffi-rs-win32-x64-msvc/-/ffi-rs-win32-x64-msvc-1.2.5.tgz",
      "integrity": "sha512-ZIgvsDjdMJcDsbeb2EkFnyZlYdZ65GscePTR8pFmUc9K2lzWvIwqWkBWq3zwSRkI8vablg/imyamje9BUzIu8A==",
      "cpu": [
        "x64"
      ],
      "license": "MIT",
      "optional": true,
      "os": [
        "win32"
      ],
      "engines": {
        "node": ">= 12"
      }
    },
    "node_modules/carrier": {
      "version": "0.3.0",
      "resolved": "https://registry.npmjs.org/carrier/-/carrier-0.3.0.tgz",
      "integrity": "sha512-G0Unz6R11Pdg/9N0qr5muv5ZOF2+oe3WH7i6eiClSd5kozdY5a2nKFfGOTajhoM1vioaAfbnj2RnRQFUDyb9Mw==",
      "engines": {
        "node": ">=0.3.0"
      }
    },
    "node_modules/ffi-rs": {
      "version": "1.2.5",
      "resolved": "https://registry.npmjs.org/ffi-rs/-/ffi-rs-1.2.5.tgz",
      "integrity": "sha512-olQRfLzBQbRUPNE5vwq3TorT8J4uNA4NgCl9OnzVN2jHqYhyp/NFGUw6SqZUDFifjPbMd5gI4aGOTmWGvV7PUg==",
      "license": "MIT",
      "optionalDependencies": {
        "@yuuang/ffi-rs-darwin-arm64": "1.2.5",
        "@yuuang/ffi-rs-darwin-x64": "1.2.5",
        "@yuuang/ffi-rs-linux-arm-gnueabihf": "1.2.5",
        "@yuuang/ffi-rs-linux-arm64-gnu": "1.2.5",
        "@yuuang/ffi-rs-linux-arm64-musl": "1.2.5",
        "@yuuang/ffi-rs-linux-x64-gnu": "1.2.5",
        "@yuuang/ffi-rs-linux-x64-musl": "1.2.5",
        "@yuuang/ffi-rs-win32-arm64-msvc": "1.2.5",
        "@yuuang/ffi-rs-win32-ia32-msvc": "1.2.5",
        "@yuuang/ffi-rs-win32-x64-msvc": "1.2.5"
      }
    },
    "node_modules/nanoid": {
      "version": "5.0.9",
      "resolved": "https://registry.npmjs.org/nanoid/-/nanoid-5.0.9.tgz",
      "integrity": "sha512-Aooyr6MXU6HpvvWXKoVoXwKMs/KyVakWwg7xQfv5/S/RIgJMy0Ifa45H9qqYy7pTCszrHzP21Uk4PZq2HpEM8Q==",
      "funding": [
        {
          "type": "github",
          "url": "https://github.com/sponsors/ai"
        }
      ],
      "license": "MIT",
      "bin": {
        "nanoid": "bin/nanoid.js"
      },
      "engines": {
        "node": "^18 || >=20"
      }
    },
    "node_modules/net-keepalive": {
      "version": "4.0.16",
      "resolved": "https://registry.npmjs.org/net-keepalive/-/net-keepalive-4.0.16.tgz",
      "integrity": "sha512-DZ+12GtIzIuLX3VMk74Gna6/8QYCYN5QOZHy6hMy6EP/j5vRYFRKSaCT4gcm1k/CfzFEDehf6WRZkWRyZ3pbQg==",
      "license": "MIT",
      "dependencies": {
        "ffi-rs": "1.2.5"
      },
      "engines": {
        "node": ">=10.20.0"
      }
    }
  }
}
